{
  "version": 4,
  "terraform_version": "1.3.1",
  "serial": 41,
  "lineage": "4099b24c-9954-ca71-95c4-1c3fe4d52e4e",
  "outputs": {},
  "resources": [
    {
      "mode": "data",
      "type": "azurerm_client_config",
      "name": "current",
      "provider": "provider[\"registry.terraform.io/hashicorp/azurerm\"]",
      "instances": [
        {
          "schema_version": 0,
          "attributes": {
            "client_id": "04b07795-8ddb-461a-bbee-02f9e1bf7b46",
            "id": "2022-10-05 15:44:55.2510922 +0000 UTC",
            "object_id": "231aa469-c08e-4b4c-995a-87fabcd6cda6",
            "subscription_id": "e2abd0c5-7b5d-4e17-b677-d724fcbeb780",
            "tenant_id": "aa81b43f-3969-4fd4-80c9-84c411508d82",
            "timeouts": null
          },
          "sensitive_attributes": []
        }
      ]
    },
    {
      "mode": "managed",
      "type": "azurerm_application_insights",
      "name": "terra",
      "provider": "provider[\"registry.terraform.io/hashicorp/azurerm\"]",
      "instances": [
        {
          "schema_version": 0,
          "attributes": {
            "app_id": "09e99cf6-9f07-470b-ad40-8eec1dfe4904",
            "application_type": "web",
            "connection_string": "InstrumentationKey=76031e60-f9cf-4f8f-969e-c1bed3a22530;IngestionEndpoint=https://germanywestcentral-0.in.applicationinsights.azure.com/;LiveEndpoint=https://germanywestcentral.livediagnostics.monitor.azure.com/",
            "daily_data_cap_in_gb": 100,
            "daily_data_cap_notifications_disabled": false,
            "disable_ip_masking": false,
            "id": "/subscriptions/e2abd0c5-7b5d-4e17-b677-d724fcbeb780/resourceGroups/my_terra_rg/providers/microsoft.insights/components/appinsight",
            "instrumentation_key": "76031e60-f9cf-4f8f-969e-c1bed3a22530",
            "local_authentication_disabled": false,
            "location": "germanywestcentral",
            "name": "appinsight",
            "resource_group_name": "my_terra_rg",
            "retention_in_days": 90,
            "sampling_percentage": 100,
            "tags": {
              "cost-center": "CC1186 - PD Administration",
              "environment": "dev",
              "legal-unit": "1000 SimCorp A/S"
            },
            "timeouts": null,
            "workspace_id": null
          },
          "sensitive_attributes": [],
          "private": "eyJlMmJmYjczMC1lY2FhLTExZTYtOGY4OC0zNDM2M2JjN2M0YzAiOnsiY3JlYXRlIjoxODAwMDAwMDAwMDAwLCJkZWxldGUiOjE4MDAwMDAwMDAwMDAsInJlYWQiOjMwMDAwMDAwMDAwMCwidXBkYXRlIjoxODAwMDAwMDAwMDAwfX0=",
          "dependencies": [
            "azurerm_resource_group.terra"
          ]
        }
      ]
    },
    {
      "mode": "managed",
      "type": "azurerm_container_registry",
      "name": "terra",
      "provider": "provider[\"registry.terraform.io/hashicorp/azurerm\"]",
      "instances": [
        {
          "schema_version": 2,
          "attributes": {
            "admin_enabled": true,
            "admin_password": "lpAvy8xV5keNXu=7AxtmROomoKZkNG98",
            "admin_username": "testfordays",
            "encryption": [
              {
                "enabled": false,
                "identity_client_id": "",
                "key_vault_key_id": ""
              }
            ],
            "georeplication_locations": [],
            "georeplications": [],
            "id": "/subscriptions/e2abd0c5-7b5d-4e17-b677-d724fcbeb780/resourceGroups/my_terra_rg/providers/Microsoft.ContainerRegistry/registries/testfordays",
            "identity": [],
            "location": "germanywestcentral",
            "login_server": "testfordays.azurecr.io",
            "name": "testfordays",
            "network_rule_set": [
              {
                "default_action": "Allow",
                "ip_rule": [],
                "virtual_network": []
              }
            ],
            "public_network_access_enabled": true,
            "quarantine_policy_enabled": false,
            "resource_group_name": "my_terra_rg",
            "retention_policy": [
              {
                "days": 7,
                "enabled": false
              }
            ],
            "sku": "Premium",
            "storage_account_id": null,
            "tags": {
              "cost-center": "CC1186 - PD Administration",
              "environment": "dev",
              "legal-unit": "1000 SimCorp A/S"
            },
            "timeouts": null,
            "trust_policy": [
              {
                "enabled": false
              }
            ],
            "zone_redundancy_enabled": false
          },
          "sensitive_attributes": [],
          "private": "eyJlMmJmYjczMC1lY2FhLTExZTYtOGY4OC0zNDM2M2JjN2M0YzAiOnsiY3JlYXRlIjoxODAwMDAwMDAwMDAwLCJkZWxldGUiOjE4MDAwMDAwMDAwMDAsInJlYWQiOjMwMDAwMDAwMDAwMCwidXBkYXRlIjoxODAwMDAwMDAwMDAwfSwic2NoZW1hX3ZlcnNpb24iOiIyIn0=",
          "dependencies": [
            "azurerm_resource_group.terra"
          ]
        }
      ]
    },
    {
      "mode": "managed",
      "type": "azurerm_key_vault",
      "name": "terra",
      "provider": "provider[\"registry.terraform.io/hashicorp/azurerm\"]",
      "instances": [
        {
          "schema_version": 2,
          "attributes": {
            "access_policy": [],
            "contact": [],
            "enable_rbac_authorization": false,
            "enabled_for_deployment": false,
            "enabled_for_disk_encryption": false,
            "enabled_for_template_deployment": false,
            "id": "/subscriptions/e2abd0c5-7b5d-4e17-b677-d724fcbeb780/resourceGroups/my_terra_rg/providers/Microsoft.KeyVault/vaults/testfordays",
            "location": "germanywestcentral",
            "name": "testfordays",
            "network_acls": [
              {
                "bypass": "AzureServices",
                "default_action": "Allow",
                "ip_rules": [],
                "virtual_network_subnet_ids": []
              }
            ],
            "purge_protection_enabled": false,
            "resource_group_name": "my_terra_rg",
            "sku_name": "premium",
            "soft_delete_enabled": true,
            "soft_delete_retention_days": 90,
            "tags": {
              "cost-center": "CC1186 - PD Administration",
              "environment": "dev",
              "legal-unit": "1000 SimCorp A/S"
            },
            "tenant_id": "aa81b43f-3969-4fd4-80c9-84c411508d82",
            "timeouts": null,
            "vault_uri": "https://testfordays.vault.azure.net/"
          },
          "sensitive_attributes": [],
          "private": "eyJlMmJmYjczMC1lY2FhLTExZTYtOGY4OC0zNDM2M2JjN2M0YzAiOnsiY3JlYXRlIjoxODAwMDAwMDAwMDAwLCJkZWxldGUiOjE4MDAwMDAwMDAwMDAsInJlYWQiOjMwMDAwMDAwMDAwMCwidXBkYXRlIjoxODAwMDAwMDAwMDAwfSwic2NoZW1hX3ZlcnNpb24iOiIyIn0=",
          "dependencies": [
            "azurerm_resource_group.terra",
            "data.azurerm_client_config.current"
          ]
        }
      ]
    },
    {
      "mode": "managed",
      "type": "azurerm_machine_learning_compute_cluster",
      "name": "compute",
      "provider": "provider[\"registry.terraform.io/hashicorp/azurerm\"]",
      "instances": [
        {
          "schema_version": 0,
          "attributes": {
            "description": null,
            "id": "/subscriptions/e2abd0c5-7b5d-4e17-b677-d724fcbeb780/resourceGroups/my_terra_rg/providers/Microsoft.MachineLearningServices/workspaces/my_ws/computes/cpu-cluster",
            "identity": [
              {
                "principal_id": "628510ff-0be9-4535-aee6-400665fb2193",
                "tenant_id": "aa81b43f-3969-4fd4-80c9-84c411508d82",
                "type": "SystemAssigned"
              }
            ],
            "location": "germanywestcentral",
            "machine_learning_workspace_id": "/subscriptions/e2abd0c5-7b5d-4e17-b677-d724fcbeb780/resourceGroups/my_terra_rg/providers/Microsoft.MachineLearningServices/workspaces/my_ws",
            "name": "cpu-cluster",
            "scale_settings": [
              {
                "max_node_count": 1,
                "min_node_count": 0,
                "scale_down_nodes_after_idle_duration": "PT5M"
              }
            ],
            "subnet_resource_id": null,
            "tags": null,
            "timeouts": null,
            "vm_priority": "Dedicated",
            "vm_size": "STANDARD_DS2_V2"
          },
          "sensitive_attributes": [],
          "private": "eyJlMmJmYjczMC1lY2FhLTExZTYtOGY4OC0zNDM2M2JjN2M0YzAiOnsiY3JlYXRlIjoxODAwMDAwMDAwMDAwLCJkZWxldGUiOjE4MDAwMDAwMDAwMDAsInJlYWQiOjMwMDAwMDAwMDAwMH19",
          "dependencies": [
            "azurerm_application_insights.terra",
            "azurerm_container_registry.terra",
            "azurerm_key_vault.terra",
            "azurerm_machine_learning_workspace.terra",
            "azurerm_resource_group.terra",
            "azurerm_storage_account.terra",
            "data.azurerm_client_config.current"
          ]
        }
      ]
    },
    {
      "mode": "managed",
      "type": "azurerm_machine_learning_compute_instance",
      "name": "compute_instance",
      "provider": "provider[\"registry.terraform.io/hashicorp/azurerm\"]",
      "instances": [
        {
          "schema_version": 0,
          "attributes": {
            "assign_to_user": [],
            "authorization_type": "",
            "description": "",
            "id": "/subscriptions/e2abd0c5-7b5d-4e17-b677-d724fcbeb780/resourceGroups/my_terra_rg/providers/Microsoft.MachineLearningServices/workspaces/my_ws/computes/lecdmiziinstance",
            "identity": [],
            "location": "germanywestcentral",
            "machine_learning_workspace_id": "/subscriptions/e2abd0c5-7b5d-4e17-b677-d724fcbeb780/resourceGroups/my_terra_rg/providers/Microsoft.MachineLearningServices/workspaces/my_ws",
            "name": "lecdmiziinstance",
            "ssh": [],
            "subnet_resource_id": null,
            "tags": null,
            "timeouts": null,
            "virtual_machine_size": "STANDARD_DS2_V2"
          },
          "sensitive_attributes": [],
          "private": "eyJlMmJmYjczMC1lY2FhLTExZTYtOGY4OC0zNDM2M2JjN2M0YzAiOnsiY3JlYXRlIjoxODAwMDAwMDAwMDAwLCJkZWxldGUiOjE4MDAwMDAwMDAwMDAsInJlYWQiOjMwMDAwMDAwMDAwMH19",
          "dependencies": [
            "azurerm_application_insights.terra",
            "azurerm_container_registry.terra",
            "azurerm_key_vault.terra",
            "azurerm_machine_learning_workspace.terra",
            "azurerm_resource_group.terra",
            "azurerm_storage_account.terra",
            "data.azurerm_client_config.current",
            "random_string.ci_prefix"
          ]
        }
      ]
    },
    {
      "mode": "managed",
      "type": "azurerm_machine_learning_workspace",
      "name": "terra",
      "provider": "provider[\"registry.terraform.io/hashicorp/azurerm\"]",
      "instances": [
        {
          "schema_version": 0,
          "attributes": {
            "application_insights_id": "/subscriptions/e2abd0c5-7b5d-4e17-b677-d724fcbeb780/resourceGroups/my_terra_rg/providers/Microsoft.insights/components/appinsight",
            "container_registry_id": "/subscriptions/e2abd0c5-7b5d-4e17-b677-d724fcbeb780/resourceGroups/my_terra_rg/providers/Microsoft.ContainerRegistry/registries/testfordays",
            "description": "",
            "friendly_name": "",
            "high_business_impact": false,
            "id": "/subscriptions/e2abd0c5-7b5d-4e17-b677-d724fcbeb780/resourceGroups/my_terra_rg/providers/Microsoft.MachineLearningServices/workspaces/my_ws",
            "identity": [
              {
                "principal_id": "c8ba3b65-7f0a-4557-8f63-7f74fec82bb1",
                "tenant_id": "aa81b43f-3969-4fd4-80c9-84c411508d82",
                "type": "SystemAssigned"
              }
            ],
            "key_vault_id": "/subscriptions/e2abd0c5-7b5d-4e17-b677-d724fcbeb780/resourceGroups/my_terra_rg/providers/Microsoft.Keyvault/vaults/testfordays",
            "location": "germanywestcentral",
            "name": "my_ws",
            "resource_group_name": "my_terra_rg",
            "sku_name": "Basic",
            "storage_account_id": "/subscriptions/e2abd0c5-7b5d-4e17-b677-d724fcbeb780/resourceGroups/my_terra_rg/providers/Microsoft.Storage/storageAccounts/testfordays",
            "tags": {
              "cost-center": "CC1186 - PD Administration",
              "environment": "dev",
              "legal-unit": "1000 SimCorp A/S"
            },
            "timeouts": null
          },
          "sensitive_attributes": [],
          "private": "eyJlMmJmYjczMC1lY2FhLTExZTYtOGY4OC0zNDM2M2JjN2M0YzAiOnsiY3JlYXRlIjoxODAwMDAwMDAwMDAwLCJkZWxldGUiOjE4MDAwMDAwMDAwMDAsInJlYWQiOjMwMDAwMDAwMDAwMCwidXBkYXRlIjoxODAwMDAwMDAwMDAwfX0=",
          "dependencies": [
            "azurerm_application_insights.terra",
            "azurerm_container_registry.terra",
            "azurerm_key_vault.terra",
            "azurerm_resource_group.terra",
            "azurerm_storage_account.terra",
            "data.azurerm_client_config.current"
          ]
        }
      ]
    },
    {
      "mode": "managed",
      "type": "azurerm_resource_group",
      "name": "terra",
      "provider": "provider[\"registry.terraform.io/hashicorp/azurerm\"]",
      "instances": [
        {
          "schema_version": 0,
          "attributes": {
            "id": "/subscriptions/e2abd0c5-7b5d-4e17-b677-d724fcbeb780/resourceGroups/my_terra_rg",
            "location": "germanywestcentral",
            "name": "my_terra_rg",
            "tags": {
              "cost-center": "CC1186 - PD Administration",
              "environment": "dev",
              "legal-unit": "1000 SimCorp A/S",
              "source": "Terraform"
            },
            "timeouts": null
          },
          "sensitive_attributes": [],
          "private": "eyJlMmJmYjczMC1lY2FhLTExZTYtOGY4OC0zNDM2M2JjN2M0YzAiOnsiY3JlYXRlIjo1NDAwMDAwMDAwMDAwLCJkZWxldGUiOjU0MDAwMDAwMDAwMDAsInJlYWQiOjMwMDAwMDAwMDAwMCwidXBkYXRlIjo1NDAwMDAwMDAwMDAwfX0="
        }
      ]
    },
    {
      "mode": "managed",
      "type": "azurerm_storage_account",
      "name": "terra",
      "provider": "provider[\"registry.terraform.io/hashicorp/azurerm\"]",
      "instances": [
        {
          "schema_version": 2,
          "attributes": {
            "access_tier": "Hot",
            "account_kind": "StorageV2",
            "account_replication_type": "GRS",
            "account_tier": "Standard",
            "allow_blob_public_access": false,
            "azure_files_authentication": [],
            "blob_properties": [
              {
                "change_feed_enabled": false,
                "container_delete_retention_policy": [],
                "cors_rule": [],
                "default_service_version": "",
                "delete_retention_policy": [],
                "last_access_time_enabled": false,
                "versioning_enabled": false
              }
            ],
            "custom_domain": [],
            "enable_https_traffic_only": true,
            "id": "/subscriptions/e2abd0c5-7b5d-4e17-b677-d724fcbeb780/resourceGroups/my_terra_rg/providers/Microsoft.Storage/storageAccounts/testfordays",
            "identity": [],
            "is_hns_enabled": false,
            "large_file_share_enabled": null,
            "location": "germanywestcentral",
            "min_tls_version": "TLS1_0",
            "name": "testfordays",
            "network_rules": [
              {
                "bypass": [
                  "AzureServices"
                ],
                "default_action": "Allow",
                "ip_rules": [],
                "private_link_access": [],
                "virtual_network_subnet_ids": []
              }
            ],
            "nfsv3_enabled": false,
            "primary_access_key": "IDzXYvJdNNwvvOa0kZZ+oVHtKpgoPkRfo/NTxjp3ZCtDuXFzoeG46Eodk5KzarjTNEeccg7DFbIn+AStAaY4ng==",
            "primary_blob_connection_string": "DefaultEndpointsProtocol=https;BlobEndpoint=https://testfordays.blob.core.windows.net/;AccountName=testfordays;AccountKey=IDzXYvJdNNwvvOa0kZZ+oVHtKpgoPkRfo/NTxjp3ZCtDuXFzoeG46Eodk5KzarjTNEeccg7DFbIn+AStAaY4ng==",
            "primary_blob_endpoint": "https://testfordays.blob.core.windows.net/",
            "primary_blob_host": "testfordays.blob.core.windows.net",
            "primary_connection_string": "DefaultEndpointsProtocol=https;AccountName=testfordays;AccountKey=IDzXYvJdNNwvvOa0kZZ+oVHtKpgoPkRfo/NTxjp3ZCtDuXFzoeG46Eodk5KzarjTNEeccg7DFbIn+AStAaY4ng==;EndpointSuffix=core.windows.net",
            "primary_dfs_endpoint": "https://testfordays.dfs.core.windows.net/",
            "primary_dfs_host": "testfordays.dfs.core.windows.net",
            "primary_file_endpoint": "https://testfordays.file.core.windows.net/",
            "primary_file_host": "testfordays.file.core.windows.net",
            "primary_location": "germanywestcentral",
            "primary_queue_endpoint": "https://testfordays.queue.core.windows.net/",
            "primary_queue_host": "testfordays.queue.core.windows.net",
            "primary_table_endpoint": "https://testfordays.table.core.windows.net/",
            "primary_table_host": "testfordays.table.core.windows.net",
            "primary_web_endpoint": "https://testfordays.z1.web.core.windows.net/",
            "primary_web_host": "testfordays.z1.web.core.windows.net",
            "queue_properties": [
              {
                "cors_rule": [],
                "hour_metrics": [
                  {
                    "enabled": true,
                    "include_apis": true,
                    "retention_policy_days": 7,
                    "version": "1.0"
                  }
                ],
                "logging": [
                  {
                    "delete": false,
                    "read": false,
                    "retention_policy_days": 0,
                    "version": "1.0",
                    "write": false
                  }
                ],
                "minute_metrics": [
                  {
                    "enabled": false,
                    "include_apis": false,
                    "retention_policy_days": 0,
                    "version": "1.0"
                  }
                ]
              }
            ],
            "resource_group_name": "my_terra_rg",
            "routing": [],
            "secondary_access_key": "Md8n058NWuDfeTUV79+vU3VtAGutd6wXReQzMMRuZavz3jFHD2qnpQcC7mUxGv4ZKUWaflIhzxVA+AStgTQIfQ==",
            "secondary_blob_connection_string": "",
            "secondary_blob_endpoint": null,
            "secondary_blob_host": null,
            "secondary_connection_string": "DefaultEndpointsProtocol=https;AccountName=testfordays;AccountKey=Md8n058NWuDfeTUV79+vU3VtAGutd6wXReQzMMRuZavz3jFHD2qnpQcC7mUxGv4ZKUWaflIhzxVA+AStgTQIfQ==;EndpointSuffix=core.windows.net",
            "secondary_dfs_endpoint": null,
            "secondary_dfs_host": null,
            "secondary_file_endpoint": null,
            "secondary_file_host": null,
            "secondary_location": "germanynorth",
            "secondary_queue_endpoint": null,
            "secondary_queue_host": null,
            "secondary_table_endpoint": null,
            "secondary_table_host": null,
            "secondary_web_endpoint": null,
            "secondary_web_host": null,
            "share_properties": [
              {
                "cors_rule": [],
                "retention_policy": [
                  {
                    "days": 7
                  }
                ],
                "smb": []
              }
            ],
            "shared_access_key_enabled": true,
            "static_website": [],
            "tags": {
              "cost-center": "CC1186 - PD Administration",
              "customer-data": "",
              "environment": "dev",
              "legal-unit": "1000 SimCorp A/S",
              "personal-data": ""
            },
            "timeouts": null
          },
          "sensitive_attributes": [],
          "private": "eyJlMmJmYjczMC1lY2FhLTExZTYtOGY4OC0zNDM2M2JjN2M0YzAiOnsiY3JlYXRlIjozNjAwMDAwMDAwMDAwLCJkZWxldGUiOjM2MDAwMDAwMDAwMDAsInJlYWQiOjMwMDAwMDAwMDAwMCwidXBkYXRlIjozNjAwMDAwMDAwMDAwfSwic2NoZW1hX3ZlcnNpb24iOiIyIn0=",
          "dependencies": [
            "azurerm_resource_group.terra"
          ]
        }
      ]
    },
    {
      "mode": "managed",
      "type": "random_string",
      "name": "ci_prefix",
      "provider": "provider[\"registry.terraform.io/hashicorp/random\"]",
      "instances": [
        {
          "schema_version": 2,
          "attributes": {
            "id": "lecdmizi",
            "keepers": null,
            "length": 8,
            "lower": true,
            "min_lower": 0,
            "min_numeric": 0,
            "min_special": 0,
            "min_upper": 0,
            "number": false,
            "numeric": false,
            "override_special": null,
            "result": "lecdmizi",
            "special": false,
            "upper": false
          },
          "sensitive_attributes": []
        }
      ]
    }
  ],
  "check_results": []
}
